
Microsoft Visual Studio Solution File, Format Version 12.00
# Visual Studio Version 17
VisualStudioVersion = 17.13.35818.85 d17.13
MinimumVisualStudioVersion = 10.0.40219.1
Project("{FAE04EC0-301F-11D3-BF4B-00C04F79EFBC}") = "PayrollWeb", "PayrollWeb\PayrollWeb.csproj", "{C98472BC-D838-46E7-9C15-B0701C19B0B7}"
EndProject
Global
	GlobalSection(SolutionConfigurationPlatforms) = preSolution
		Debug|Any CPU = Debug|Any CPU
		Release|Any CPU = Release|Any CPU
	EndGlobalSection
	GlobalSection(ProjectConfigurationPlatforms) = postSolution
		{C98472BC-D838-46E7-9C15-B0701C19B0B7}.Debug|Any CPU.ActiveCfg = Debug|Any CPU
		{C98472BC-D838-46E7-9C15-B0701C19B0B7}.Debug|Any CPU.Build.0 = Debug|Any CPU
		{C98472BC-D838-46E7-9C15-B0701C19B0B7}.Release|Any CPU.ActiveCfg = Release|Any CPU
		{C98472BC-D838-46E7-9C15-B0701C19B0B7}.Release|Any CPU.Build.0 = Release|Any CPU
	EndGlobalSection
	GlobalSection(SolutionProperties) = preSolution
		HideSolutionNode = FALSE
	EndGlobalSection
	GlobalSection(ExtensibilityGlobals) = postSolution
		SolutionGuid = {928FEB3D-D523-4871-8101-AF81E1495629}
	EndGlobalSection
EndGlobal
